
Microsoft Visual Studio Solution File, Format Version 12.00
Project("{FAE04EC0-301F-11D3-BF4B-00C04F79EFBC}") = "Task2", "Task2\Task2.csproj", "{499E893B-A5E6-43B6-AB1A-C4FBF46298A2}"
EndProject
Project("{FAE04EC0-301F-11D3-BF4B-00C04F79EFBC}") = "Task2Test", "Task2Test\Task2Test.csproj", "{BF8D2D0C-FB2B-46FC-B5AB-69529EA76F33}"
EndProject
Project("{FAE04EC0-301F-11D3-BF4B-00C04F79EFBC}") = "Task2Infrastructure", "Task2Infrastructure\Task2Infrastructure.csproj", "{2599C011-9E1F-4C74-9303-9E47B0250E97}"
EndProject
Project("{FAE04EC0-301F-11D3-BF4B-00C04F79EFBC}") = "Task2WebApplication", "Task2WebApplication\Task2WebApplication.csproj", "{AB300753-A60B-4E80-8871-AE80E6A8C7D5}"
EndProject
Project("{FAE04EC0-301F-11D3-BF4B-00C04F79EFBC}") = "ApplicationServices", "ApplicationServices\ApplicationServices.csproj", "{5D013570-B099-489B-8973-B689F95020C6}"
EndProject
Global
	GlobalSection(SolutionConfigurationPlatforms) = preSolution
		Debug|Any CPU = Debug|Any CPU
		Release|Any CPU = Release|Any CPU
	EndGlobalSection
	GlobalSection(ProjectConfigurationPlatforms) = postSolution
		{499E893B-A5E6-43B6-AB1A-C4FBF46298A2}.Debug|Any CPU.ActiveCfg = Debug|Any CPU
		{499E893B-A5E6-43B6-AB1A-C4FBF46298A2}.Debug|Any CPU.Build.0 = Debug|Any CPU
		{499E893B-A5E6-43B6-AB1A-C4FBF46298A2}.Release|Any CPU.ActiveCfg = Release|Any CPU
		{499E893B-A5E6-43B6-AB1A-C4FBF46298A2}.Release|Any CPU.Build.0 = Release|Any CPU
		{BF8D2D0C-FB2B-46FC-B5AB-69529EA76F33}.Debug|Any CPU.ActiveCfg = Debug|Any CPU
		{BF8D2D0C-FB2B-46FC-B5AB-69529EA76F33}.Debug|Any CPU.Build.0 = Debug|Any CPU
		{BF8D2D0C-FB2B-46FC-B5AB-69529EA76F33}.Release|Any CPU.ActiveCfg = Release|Any CPU
		{BF8D2D0C-FB2B-46FC-B5AB-69529EA76F33}.Release|Any CPU.Build.0 = Release|Any CPU
		{2599C011-9E1F-4C74-9303-9E47B0250E97}.Debug|Any CPU.ActiveCfg = Debug|Any CPU
		{2599C011-9E1F-4C74-9303-9E47B0250E97}.Debug|Any CPU.Build.0 = Debug|Any CPU
		{2599C011-9E1F-4C74-9303-9E47B0250E97}.Release|Any CPU.ActiveCfg = Release|Any CPU
		{2599C011-9E1F-4C74-9303-9E47B0250E97}.Release|Any CPU.Build.0 = Release|Any CPU
		{AB300753-A60B-4E80-8871-AE80E6A8C7D5}.Debug|Any CPU.ActiveCfg = Debug|Any CPU
		{AB300753-A60B-4E80-8871-AE80E6A8C7D5}.Debug|Any CPU.Build.0 = Debug|Any CPU
		{AB300753-A60B-4E80-8871-AE80E6A8C7D5}.Release|Any CPU.ActiveCfg = Release|Any CPU
		{AB300753-A60B-4E80-8871-AE80E6A8C7D5}.Release|Any CPU.Build.0 = Release|Any CPU
		{5D013570-B099-489B-8973-B689F95020C6}.Debug|Any CPU.ActiveCfg = Debug|Any CPU
		{5D013570-B099-489B-8973-B689F95020C6}.Debug|Any CPU.Build.0 = Debug|Any CPU
		{5D013570-B099-489B-8973-B689F95020C6}.Release|Any CPU.ActiveCfg = Release|Any CPU
		{5D013570-B099-489B-8973-B689F95020C6}.Release|Any CPU.Build.0 = Release|Any CPU
	EndGlobalSection
EndGlobal
